
Microsoft Visual Studio Solution File, Format Version 12.00
# Visual Studio 15
VisualStudioVersion = 15.0.27130.2027
MinimumVisualStudioVersion = 10.0.40219.1
Project("{8BC9CEB8-8B4A-11D0-8D11-00A0C91BC942}") = "Lab002-002", "Lab002-002\Lab002-002.vcxproj", "{19D9798B-6A27-4ACC-9005-B840DF9A059F}"
EndProject
Global
	GlobalSection(SolutionConfigurationPlatforms) = preSolution
		Debug|x64 = Debug|x64
		Debug|x86 = Debug|x86
		Release|x64 = Release|x64
		Release|x86 = Release|x86
	EndGlobalSection
	GlobalSection(ProjectConfigurationPlatforms) = postSolution
		{19D9798B-6A27-4ACC-9005-B840DF9A059F}.Debug|x64.ActiveCfg = Debug|x64
		{19D9798B-6A27-4ACC-9005-B840DF9A059F}.Debug|x64.Build.0 = Debug|x64
		{19D9798B-6A27-4ACC-9005-B840DF9A059F}.Debug|x86.ActiveCfg = Debug|Win32
		{19D9798B-6A27-4ACC-9005-B840DF9A059F}.Debug|x86.Build.0 = Debug|Win32
		{19D9798B-6A27-4ACC-9005-B840DF9A059F}.Release|x64.ActiveCfg = Release|x64
		{19D9798B-6A27-4ACC-9005-B840DF9A059F}.Release|x64.Build.0 = Release|x64
		{19D9798B-6A27-4ACC-9005-B840DF9A059F}.Release|x86.ActiveCfg = Release|Win32
		{19D9798B-6A27-4ACC-9005-B840DF9A059F}.Release|x86.Build.0 = Release|Win32
	EndGlobalSection
	GlobalSection(SolutionProperties) = preSolution
		HideSolutionNode = FALSE
	EndGlobalSection
	GlobalSection(ExtensibilityGlobals) = postSolution
		SolutionGuid = {ABDBC0AE-678A-4CF6-8493-7B99BD1A94F8}
	EndGlobalSection
EndGlobal
